
Microsoft Visual Studio Solution File, Format Version 12.00
# Visual Studio Version 17
VisualStudioVersion = 17.8.34330.188
MinimumVisualStudioVersion = 10.0.40219.1
Project("{FAE04EC0-301F-11D3-BF4B-00C04F79EFBC}") = "QRCodeSP", "QRCodeSP.csproj", "{8F2DC2B7-B3B8-467A-8C4E-4F448A9BA250}"
EndProject
Global
	GlobalSection(SolutionConfigurationPlatforms) = preSolution
		Debug|Any CPU = Debug|Any CPU
		Release|Any CPU = Release|Any CPU
	EndGlobalSection
	GlobalSection(ProjectConfigurationPlatforms) = postSolution
		{8F2DC2B7-B3B8-467A-8C4E-4F448A9BA250}.Debug|Any CPU.ActiveCfg = Debug|Any CPU
		{8F2DC2B7-B3B8-467A-8C4E-4F448A9BA250}.Debug|Any CPU.Build.0 = Debug|Any CPU
		{8F2DC2B7-B3B8-467A-8C4E-4F448A9BA250}.Release|Any CPU.ActiveCfg = Release|Any CPU
		{8F2DC2B7-B3B8-467A-8C4E-4F448A9BA250}.Release|Any CPU.Build.0 = Release|Any CPU
	EndGlobalSection
	GlobalSection(SolutionProperties) = preSolution
		HideSolutionNode = FALSE
	EndGlobalSection
	GlobalSection(ExtensibilityGlobals) = postSolution
		SolutionGuid = {6C778021-EED5-403A-976A-C440CC632BFA}
	EndGlobalSection
EndGlobal
